{
  "name": "client",
  "lockfileVersion": 3,
  "requires": true,
  "packages": {
    "": {
      "dependencies": {
        "uqr": "^0.1.3"
      }
    },
    "node_modules/uqr": {
      "version": "0.1.3",
      "resolved": "https://registry.npmjs.org/uqr/-/uqr-0.1.3.tgz",
      "integrity": "sha512-0rjE8iEJe4YmT9TOhwsZtqCMRLc5DXZUI2UEYUUg63ikBkqqE5EYWaI0etFe/5KUcmcYwLih2RND1kq+hrUJXA==",
      "license": "MIT"
    }
  }
}
